
Microsoft Visual Studio Solution File, Format Version 12.00
# Visual Studio Version 17
VisualStudioVersion = 17.0.31919.166
MinimumVisualStudioVersion = 10.0.40219.1
Project("{FAE04EC0-301F-11D3-BF4B-00C04F79EFBC}") = "Lab01.UWP", "Lab01\Lab01.UWP\Lab01.UWP.csproj", "{08DBAD35-A36A-4144-8DD3-15E61160938C}"
EndProject
Project("{FAE04EC0-301F-11D3-BF4B-00C04F79EFBC}") = "Lab01.Android", "Lab01\Lab01.Android\Lab01.Android.csproj", "{8C67A10E-43BB-4468-AB5E-B85BF0F18DEC}"
EndProject
Project("{9A19103F-16F7-4668-BE54-9A1E7A4F7556}") = "Lab01", "Lab01\Lab01\Lab01.csproj", "{B31668B2-1CD7-4CE9-9397-83BD65CBFE24}"
EndProject
Project("{9A19103F-16F7-4668-BE54-9A1E7A4F7556}") = "Lab01.Infrastructure", "Lab01.Infrastructure\Lab01.Infrastructure.csproj", "{19DB685D-A6C1-4667-9443-00271F312461}"
EndProject
Project("{9A19103F-16F7-4668-BE54-9A1E7A4F7556}") = "Lab01.DataPersistance", "Lab01.DataPersistance\Lab01.DataPersistance.csproj", "{246F925B-F8EF-4849-AD2D-4D9D6FD73965}"
EndProject
Project("{2150E333-8FDC-42A3-9474-1A3956D46DE8}") = "Solution Items", "Solution Items", "{7C85FB6F-6AE8-4DDA-81AB-CA31C4385E1E}"
	ProjectSection(SolutionItems) = preProject
		SolutionDoc.md = SolutionDoc.md
	EndProjectSection
EndProject
Project("{9A19103F-16F7-4668-BE54-9A1E7A4F7556}") = "Lib01.TodoItemRol", "Lib01.TodoItemRol\Lib01.TodoItemRol.csproj", "{68ED9671-83D0-4BCC-8485-1D0A0342B1E2}"
EndProject
Project("{FAE04EC0-301F-11D3-BF4B-00C04F79EFBC}") = "Lab01.Test", "Lab01.Test\Lab01.Test.csproj", "{9223D942-BA57-4FF8-A1C3-974ADE825577}"
EndProject
Global
	GlobalSection(SolutionConfigurationPlatforms) = preSolution
		Debug|Any CPU = Debug|Any CPU
		Debug|ARM = Debug|ARM
		Debug|x64 = Debug|x64
		Debug|x86 = Debug|x86
		Release|Any CPU = Release|Any CPU
		Release|ARM = Release|ARM
		Release|x64 = Release|x64
		Release|x86 = Release|x86
	EndGlobalSection
	GlobalSection(ProjectConfigurationPlatforms) = postSolution
		{08DBAD35-A36A-4144-8DD3-15E61160938C}.Debug|Any CPU.ActiveCfg = Debug|x64
		{08DBAD35-A36A-4144-8DD3-15E61160938C}.Debug|Any CPU.Build.0 = Debug|x64
		{08DBAD35-A36A-4144-8DD3-15E61160938C}.Debug|Any CPU.Deploy.0 = Debug|x64
		{08DBAD35-A36A-4144-8DD3-15E61160938C}.Debug|ARM.ActiveCfg = Debug|ARM
		{08DBAD35-A36A-4144-8DD3-15E61160938C}.Debug|ARM.Build.0 = Debug|ARM
		{08DBAD35-A36A-4144-8DD3-15E61160938C}.Debug|ARM.Deploy.0 = Debug|ARM
		{08DBAD35-A36A-4144-8DD3-15E61160938C}.Debug|x64.ActiveCfg = Debug|x64
		{08DBAD35-A36A-4144-8DD3-15E61160938C}.Debug|x64.Build.0 = Debug|x64
		{08DBAD35-A36A-4144-8DD3-15E61160938C}.Debug|x64.Deploy.0 = Debug|x64
		{08DBAD35-A36A-4144-8DD3-15E61160938C}.Debug|x86.ActiveCfg = Debug|x86
		{08DBAD35-A36A-4144-8DD3-15E61160938C}.Debug|x86.Build.0 = Debug|x86
		{08DBAD35-A36A-4144-8DD3-15E61160938C}.Debug|x86.Deploy.0 = Debug|x86
		{08DBAD35-A36A-4144-8DD3-15E61160938C}.Release|Any CPU.ActiveCfg = Release|x64
		{08DBAD35-A36A-4144-8DD3-15E61160938C}.Release|Any CPU.Build.0 = Release|x64
		{08DBAD35-A36A-4144-8DD3-15E61160938C}.Release|Any CPU.Deploy.0 = Release|x64
		{08DBAD35-A36A-4144-8DD3-15E61160938C}.Release|ARM.ActiveCfg = Release|ARM
		{08DBAD35-A36A-4144-8DD3-15E61160938C}.Release|ARM.Build.0 = Release|ARM
		{08DBAD35-A36A-4144-8DD3-15E61160938C}.Release|ARM.Deploy.0 = Release|ARM
		{08DBAD35-A36A-4144-8DD3-15E61160938C}.Release|x64.ActiveCfg = Release|x64
		{08DBAD35-A36A-4144-8DD3-15E61160938C}.Release|x64.Build.0 = Release|x64
		{08DBAD35-A36A-4144-8DD3-15E61160938C}.Release|x64.Deploy.0 = Release|x64
		{08DBAD35-A36A-4144-8DD3-15E61160938C}.Release|x86.ActiveCfg = Release|x86
		{08DBAD35-A36A-4144-8DD3-15E61160938C}.Release|x86.Build.0 = Release|x86
		{08DBAD35-A36A-4144-8DD3-15E61160938C}.Release|x86.Deploy.0 = Release|x86
		{8C67A10E-43BB-4468-AB5E-B85BF0F18DEC}.Debug|Any CPU.ActiveCfg = Debug|Any CPU
		{8C67A10E-43BB-4468-AB5E-B85BF0F18DEC}.Debug|Any CPU.Build.0 = Debug|Any CPU
		{8C67A10E-43BB-4468-AB5E-B85BF0F18DEC}.Debug|Any CPU.Deploy.0 = Debug|Any CPU
		{8C67A10E-43BB-4468-AB5E-B85BF0F18DEC}.Debug|ARM.ActiveCfg = Debug|Any CPU
		{8C67A10E-43BB-4468-AB5E-B85BF0F18DEC}.Debug|ARM.Build.0 = Debug|Any CPU
		{8C67A10E-43BB-4468-AB5E-B85BF0F18DEC}.Debug|ARM.Deploy.0 = Debug|Any CPU
		{8C67A10E-43BB-4468-AB5E-B85BF0F18DEC}.Debug|x64.ActiveCfg = Debug|Any CPU
		{8C67A10E-43BB-4468-AB5E-B85BF0F18DEC}.Debug|x64.Build.0 = Debug|Any CPU
		{8C67A10E-43BB-4468-AB5E-B85BF0F18DEC}.Debug|x64.Deploy.0 = Debug|Any CPU
		{8C67A10E-43BB-4468-AB5E-B85BF0F18DEC}.Debug|x86.ActiveCfg = Debug|Any CPU
		{8C67A10E-43BB-4468-AB5E-B85BF0F18DEC}.Debug|x86.Build.0 = Debug|Any CPU
		{8C67A10E-43BB-4468-AB5E-B85BF0F18DEC}.Debug|x86.Deploy.0 = Debug|Any CPU
		{8C67A10E-43BB-4468-AB5E-B85BF0F18DEC}.Release|Any CPU.ActiveCfg = Release|Any CPU
		{8C67A10E-43BB-4468-AB5E-B85BF0F18DEC}.Release|Any CPU.Build.0 = Release|Any CPU
		{8C67A10E-43BB-4468-AB5E-B85BF0F18DEC}.Release|Any CPU.Deploy.0 = Release|Any CPU
		{8C67A10E-43BB-4468-AB5E-B85BF0F18DEC}.Release|ARM.ActiveCfg = Release|Any CPU
		{8C67A10E-43BB-4468-AB5E-B85BF0F18DEC}.Release|ARM.Build.0 = Release|Any CPU
		{8C67A10E-43BB-4468-AB5E-B85BF0F18DEC}.Release|ARM.Deploy.0 = Release|Any CPU
		{8C67A10E-43BB-4468-AB5E-B85BF0F18DEC}.Release|x64.ActiveCfg = Release|Any CPU
		{8C67A10E-43BB-4468-AB5E-B85BF0F18DEC}.Release|x64.Build.0 = Release|Any CPU
		{8C67A10E-43BB-4468-AB5E-B85BF0F18DEC}.Release|x64.Deploy.0 = Release|Any CPU
		{8C67A10E-43BB-4468-AB5E-B85BF0F18DEC}.Release|x86.ActiveCfg = Release|Any CPU
		{8C67A10E-43BB-4468-AB5E-B85BF0F18DEC}.Release|x86.Build.0 = Release|Any CPU
		{8C67A10E-43BB-4468-AB5E-B85BF0F18DEC}.Release|x86.Deploy.0 = Release|Any CPU
		{B31668B2-1CD7-4CE9-9397-83BD65CBFE24}.Debug|Any CPU.ActiveCfg = Debug|Any CPU
		{B31668B2-1CD7-4CE9-9397-83BD65CBFE24}.Debug|Any CPU.Build.0 = Debug|Any CPU
		{B31668B2-1CD7-4CE9-9397-83BD65CBFE24}.Debug|Any CPU.Deploy.0 = Debug|Any CPU
		{B31668B2-1CD7-4CE9-9397-83BD65CBFE24}.Debug|ARM.ActiveCfg = Debug|Any CPU
		{B31668B2-1CD7-4CE9-9397-83BD65CBFE24}.Debug|ARM.Build.0 = Debug|Any CPU
		{B31668B2-1CD7-4CE9-9397-83BD65CBFE24}.Debug|ARM.Deploy.0 = Debug|Any CPU
		{B31668B2-1CD7-4CE9-9397-83BD65CBFE24}.Debug|x64.ActiveCfg = Debug|Any CPU
		{B31668B2-1CD7-4CE9-9397-83BD65CBFE24}.Debug|x64.Build.0 = Debug|Any CPU
		{B31668B2-1CD7-4CE9-9397-83BD65CBFE24}.Debug|x64.Deploy.0 = Debug|Any CPU
		{B31668B2-1CD7-4CE9-9397-83BD65CBFE24}.Debug|x86.ActiveCfg = Debug|Any CPU
		{B31668B2-1CD7-4CE9-9397-83BD65CBFE24}.Debug|x86.Build.0 = Debug|Any CPU
		{B31668B2-1CD7-4CE9-9397-83BD65CBFE24}.Debug|x86.Deploy.0 = Debug|Any CPU
		{B31668B2-1CD7-4CE9-9397-83BD65CBFE24}.Release|Any CPU.ActiveCfg = Release|Any CPU
		{B31668B2-1CD7-4CE9-9397-83BD65CBFE24}.Release|Any CPU.Build.0 = Release|Any CPU
		{B31668B2-1CD7-4CE9-9397-83BD65CBFE24}.Release|Any CPU.Deploy.0 = Release|Any CPU
		{B31668B2-1CD7-4CE9-9397-83BD65CBFE24}.Release|ARM.ActiveCfg = Release|Any CPU
		{B31668B2-1CD7-4CE9-9397-83BD65CBFE24}.Release|ARM.Build.0 = Release|Any CPU
		{B31668B2-1CD7-4CE9-9397-83BD65CBFE24}.Release|ARM.Deploy.0 = Release|Any CPU
		{B31668B2-1CD7-4CE9-9397-83BD65CBFE24}.Release|x64.ActiveCfg = Release|Any CPU
		{B31668B2-1CD7-4CE9-9397-83BD65CBFE24}.Release|x64.Build.0 = Release|Any CPU
		{B31668B2-1CD7-4CE9-9397-83BD65CBFE24}.Release|x64.Deploy.0 = Release|Any CPU
		{B31668B2-1CD7-4CE9-9397-83BD65CBFE24}.Release|x86.ActiveCfg = Release|Any CPU
		{B31668B2-1CD7-4CE9-9397-83BD65CBFE24}.Release|x86.Build.0 = Release|Any CPU
		{B31668B2-1CD7-4CE9-9397-83BD65CBFE24}.Release|x86.Deploy.0 = Release|Any CPU
		{19DB685D-A6C1-4667-9443-00271F312461}.Debug|Any CPU.ActiveCfg = Debug|Any CPU
		{19DB685D-A6C1-4667-9443-00271F312461}.Debug|Any CPU.Build.0 = Debug|Any CPU
		{19DB685D-A6C1-4667-9443-00271F312461}.Debug|ARM.ActiveCfg = Debug|Any CPU
		{19DB685D-A6C1-4667-9443-00271F312461}.Debug|ARM.Build.0 = Debug|Any CPU
		{19DB685D-A6C1-4667-9443-00271F312461}.Debug|x64.ActiveCfg = Debug|Any CPU
		{19DB685D-A6C1-4667-9443-00271F312461}.Debug|x64.Build.0 = Debug|Any CPU
		{19DB685D-A6C1-4667-9443-00271F312461}.Debug|x86.ActiveCfg = Debug|Any CPU
		{19DB685D-A6C1-4667-9443-00271F312461}.Debug|x86.Build.0 = Debug|Any CPU
		{19DB685D-A6C1-4667-9443-00271F312461}.Release|Any CPU.ActiveCfg = Release|Any CPU
		{19DB685D-A6C1-4667-9443-00271F312461}.Release|Any CPU.Build.0 = Release|Any CPU
		{19DB685D-A6C1-4667-9443-00271F312461}.Release|ARM.ActiveCfg = Release|Any CPU
		{19DB685D-A6C1-4667-9443-00271F312461}.Release|ARM.Build.0 = Release|Any CPU
		{19DB685D-A6C1-4667-9443-00271F312461}.Release|x64.ActiveCfg = Release|Any CPU
		{19DB685D-A6C1-4667-9443-00271F312461}.Release|x64.Build.0 = Release|Any CPU
		{19DB685D-A6C1-4667-9443-00271F312461}.Release|x86.ActiveCfg = Release|Any CPU
		{19DB685D-A6C1-4667-9443-00271F312461}.Release|x86.Build.0 = Release|Any CPU
		{246F925B-F8EF-4849-AD2D-4D9D6FD73965}.Debug|Any CPU.ActiveCfg = Debug|Any CPU
		{246F925B-F8EF-4849-AD2D-4D9D6FD73965}.Debug|Any CPU.Build.0 = Debug|Any CPU
		{246F925B-F8EF-4849-AD2D-4D9D6FD73965}.Debug|ARM.ActiveCfg = Debug|Any CPU
		{246F925B-F8EF-4849-AD2D-4D9D6FD73965}.Debug|ARM.Build.0 = Debug|Any CPU
		{246F925B-F8EF-4849-AD2D-4D9D6FD73965}.Debug|x64.ActiveCfg = Debug|Any CPU
		{246F925B-F8EF-4849-AD2D-4D9D6FD73965}.Debug|x64.Build.0 = Debug|Any CPU
		{246F925B-F8EF-4849-AD2D-4D9D6FD73965}.Debug|x86.ActiveCfg = Debug|Any CPU
		{246F925B-F8EF-4849-AD2D-4D9D6FD73965}.Debug|x86.Build.0 = Debug|Any CPU
		{246F925B-F8EF-4849-AD2D-4D9D6FD73965}.Release|Any CPU.ActiveCfg = Release|Any CPU
		{246F925B-F8EF-4849-AD2D-4D9D6FD73965}.Release|Any CPU.Build.0 = Release|Any CPU
		{246F925B-F8EF-4849-AD2D-4D9D6FD73965}.Release|ARM.ActiveCfg = Release|Any CPU
		{246F925B-F8EF-4849-AD2D-4D9D6FD73965}.Release|ARM.Build.0 = Release|Any CPU
		{246F925B-F8EF-4849-AD2D-4D9D6FD73965}.Release|x64.ActiveCfg = Release|Any CPU
		{246F925B-F8EF-4849-AD2D-4D9D6FD73965}.Release|x64.Build.0 = Release|Any CPU
		{246F925B-F8EF-4849-AD2D-4D9D6FD73965}.Release|x86.ActiveCfg = Release|Any CPU
		{246F925B-F8EF-4849-AD2D-4D9D6FD73965}.Release|x86.Build.0 = Release|Any CPU
		{68ED9671-83D0-4BCC-8485-1D0A0342B1E2}.Debug|Any CPU.ActiveCfg = Debug|Any CPU
		{68ED9671-83D0-4BCC-8485-1D0A0342B1E2}.Debug|Any CPU.Build.0 = Debug|Any CPU
		{68ED9671-83D0-4BCC-8485-1D0A0342B1E2}.Debug|ARM.ActiveCfg = Debug|Any CPU
		{68ED9671-83D0-4BCC-8485-1D0A0342B1E2}.Debug|ARM.Build.0 = Debug|Any CPU
		{68ED9671-83D0-4BCC-8485-1D0A0342B1E2}.Debug|x64.ActiveCfg = Debug|Any CPU
		{68ED9671-83D0-4BCC-8485-1D0A0342B1E2}.Debug|x64.Build.0 = Debug|Any CPU
		{68ED9671-83D0-4BCC-8485-1D0A0342B1E2}.Debug|x86.ActiveCfg = Debug|Any CPU
		{68ED9671-83D0-4BCC-8485-1D0A0342B1E2}.Debug|x86.Build.0 = Debug|Any CPU
		{68ED9671-83D0-4BCC-8485-1D0A0342B1E2}.Release|Any CPU.ActiveCfg = Release|Any CPU
		{68ED9671-83D0-4BCC-8485-1D0A0342B1E2}.Release|Any CPU.Build.0 = Release|Any CPU
		{68ED9671-83D0-4BCC-8485-1D0A0342B1E2}.Release|ARM.ActiveCfg = Release|Any CPU
		{68ED9671-83D0-4BCC-8485-1D0A0342B1E2}.Release|ARM.Build.0 = Release|Any CPU
		{68ED9671-83D0-4BCC-8485-1D0A0342B1E2}.Release|x64.ActiveCfg = Release|Any CPU
		{68ED9671-83D0-4BCC-8485-1D0A0342B1E2}.Release|x64.Build.0 = Release|Any CPU
		{68ED9671-83D0-4BCC-8485-1D0A0342B1E2}.Release|x86.ActiveCfg = Release|Any CPU
		{68ED9671-83D0-4BCC-8485-1D0A0342B1E2}.Release|x86.Build.0 = Release|Any CPU
		{9223D942-BA57-4FF8-A1C3-974ADE825577}.Debug|Any CPU.ActiveCfg = Debug|Any CPU
		{9223D942-BA57-4FF8-A1C3-974ADE825577}.Debug|Any CPU.Build.0 = Debug|Any CPU
		{9223D942-BA57-4FF8-A1C3-974ADE825577}.Debug|ARM.ActiveCfg = Debug|Any CPU
		{9223D942-BA57-4FF8-A1C3-974ADE825577}.Debug|ARM.Build.0 = Debug|Any CPU
		{9223D942-BA57-4FF8-A1C3-974ADE825577}.Debug|x64.ActiveCfg = Debug|Any CPU
		{9223D942-BA57-4FF8-A1C3-974ADE825577}.Debug|x64.Build.0 = Debug|Any CPU
		{9223D942-BA57-4FF8-A1C3-974ADE825577}.Debug|x86.ActiveCfg = Debug|Any CPU
		{9223D942-BA57-4FF8-A1C3-974ADE825577}.Debug|x86.Build.0 = Debug|Any CPU
		{9223D942-BA57-4FF8-A1C3-974ADE825577}.Release|Any CPU.ActiveCfg = Release|Any CPU
		{9223D942-BA57-4FF8-A1C3-974ADE825577}.Release|Any CPU.Build.0 = Release|Any CPU
		{9223D942-BA57-4FF8-A1C3-974ADE825577}.Release|ARM.ActiveCfg = Release|Any CPU
		{9223D942-BA57-4FF8-A1C3-974ADE825577}.Release|ARM.Build.0 = Release|Any CPU
		{9223D942-BA57-4FF8-A1C3-974ADE825577}.Release|x64.ActiveCfg = Release|Any CPU
		{9223D942-BA57-4FF8-A1C3-974ADE825577}.Release|x64.Build.0 = Release|Any CPU
		{9223D942-BA57-4FF8-A1C3-974ADE825577}.Release|x86.ActiveCfg = Release|Any CPU
		{9223D942-BA57-4FF8-A1C3-974ADE825577}.Release|x86.Build.0 = Release|Any CPU
	EndGlobalSection
	GlobalSection(SolutionProperties) = preSolution
		HideSolutionNode = FALSE
	EndGlobalSection
	GlobalSection(ExtensibilityGlobals) = postSolution
		SolutionGuid = {1D49387C-E24D-43CE-9DCC-78FC604AA5C8}
	EndGlobalSection
EndGlobal
